# THIS IS AN AUTOGENERATED FILE. DO NOT EDIT THIS FILE DIRECTLY.
# yarn lockfile v1


gemoji@^6.1.0:
  version "6.1.0"
  resolved "https://registry.yarnpkg.com/gemoji/-/gemoji-6.1.0.tgz#268fbb0c81d1a8c32a4bcc39bdfdd66080ba7ce9"
  integrity sha512-MOlX3doQ1fsfzxQX8Y+u6bC5Ssc1pBUBIPVyrS69EzKt+5LIZAOm0G5XGVNhwXFgkBF3r+Yk88ONyrFHo8iNFA==
