# THIS IS AN AUTOGENERATED FILE. DO NOT EDIT THIS FILE DIRECTLY.
# yarn lockfile v1


gemoji@^7.0.0:
  version "7.0.0"
  resolved "https://registry.yarnpkg.com/gemoji/-/gemoji-7.0.0.tgz#e77c435a208ab6d74a32d5e9d05746ee86ae0390"
  integrity sha512-QN1P252570sLIRdEUQCB0hA1EaEuQZCcgLIDxSEPr353q9eBRLxV7cRN/MxhVRCXqybUX0GwUgi0qPMV0zSA7w==
